// !$*UTF8*$!
{
	archiveVersion = 1;
	classes = {
	};
	objectVersion = 60;
	objects = {

/* Begin PBXBuildFile section */
		A10000000000000000000001 /* MBTStreakApp.swift in Sources */ = {isa = PBXBuildFile; fileRef = A20000000000000000000001 /* MBTStreakApp.swift */; };
		A10000000000000000000002 /* Theme.swift in Sources */ = {isa = PBXBuildFile; fileRef = A20000000000000000000002 /* Theme.swift */; };
		A10000000000000000000003 /* StreakModels.swift in Sources */ = {isa = PBXBuildFile; fileRef = A20000000000000000000003 /* StreakModels.swift */; };
		A10000000000000000000004 /* DemoStreakData.swift in Sources */ = {isa = PBXBuildFile; fileRef = A20000000000000000000004 /* DemoStreakData.swift */; };
		A10000000000000000000005 /* StreakStore.swift in Sources */ = {isa = PBXBuildFile; fileRef = A20000000000000000000005 /* StreakStore.swift */; };
		A10000000000000000000006 /* StreakComponents.swift in Sources */ = {isa = PBXBuildFile; fileRef = A20000000000000000000006 /* StreakComponents.swift */; };
		A10000000000000000000007 /* RootView.swift in Sources */ = {isa = PBXBuildFile; fileRef = A20000000000000000000007 /* RootView.swift */; };
		A10000000000000000000008 /* DashboardView.swift in Sources */ = {isa = PBXBuildFile; fileRef = A20000000000000000000008 /* DashboardView.swift */; };
		A10000000000000000000009 /* CompareView.swift in Sources */ = {isa = PBXBuildFile; fileRef = A20000000000000000000009 /* CompareView.swift */; };
		A1000000000000000000000A /* LiveView.swift in Sources */ = {isa = PBXBuildFile; fileRef = A2000000000000000000000A /* LiveView.swift */; };
		A1000000000000000000000B /* AlertsView.swift in Sources */ = {isa = PBXBuildFile; fileRef = A2000000000000000000000B /* AlertsView.swift */; };
		A1000000000000000000000D /* SettingsStatsPrivacyView.swift in Sources */ = {isa = PBXBuildFile; fileRef = A2000000000000000000000D /* SettingsStatsPrivacyView.swift */; };
		A10000000000000000000010 /* AnalyticsConfiguration.swift in Sources */ = {isa = PBXBuildFile; fileRef = A20000000000000000000010 /* AnalyticsConfiguration.swift */; };
		A10000000000000000000011 /* AnalyticsDecision.swift in Sources */ = {isa = PBXBuildFile; fileRef = A20000000000000000000011 /* AnalyticsDecision.swift */; };
		A10000000000000000000012 /* AnalyticsBrowserRuntime.swift in Sources */ = {isa = PBXBuildFile; fileRef = A20000000000000000000012 /* AnalyticsBrowserRuntime.swift */; };
		A10000000000000000000013 /* AnalyticsRequestClient.swift in Sources */ = {isa = PBXBuildFile; fileRef = A20000000000000000000013 /* AnalyticsRequestClient.swift */; };
		A10000000000000000000014 /* AnalyticsAudioActivationModifier.swift in Sources */ = {isa = PBXBuildFile; fileRef = A20000000000000000000014 /* AnalyticsAudioActivationModifier.swift */; };
		A10000000000000000000015 /* AnalyticsBrowserContainer.swift in Sources */ = {isa = PBXBuildFile; fileRef = A20000000000000000000015 /* AnalyticsBrowserContainer.swift */; };
		A10000000000000000000016 /* AnalyticsBrowserScreen.swift in Sources */ = {isa = PBXBuildFile; fileRef = A20000000000000000000016 /* AnalyticsBrowserScreen.swift */; };
		A10000000000000000000017 /* AnalyticsLaunchPanel.swift in Sources */ = {isa = PBXBuildFile; fileRef = A20000000000000000000017 /* AnalyticsLaunchPanel.swift */; };
		A10000000000000000000018 /* AnalyticsRootFlow.swift in Sources */ = {isa = PBXBuildFile; fileRef = A20000000000000000000018 /* AnalyticsRootFlow.swift */; };
		A10000000000000000000019 /* AnalyticsTheme.swift in Sources */ = {isa = PBXBuildFile; fileRef = A20000000000000000000019 /* AnalyticsTheme.swift */; };
		A1000000000000000000001A /* Assets.xcassets in Resources */ = {isa = PBXBuildFile; fileRef = A2000000000000000000001A /* Assets.xcassets */; };
/* End PBXBuildFile section */

/* Begin PBXFileReference section */
		A20000000000000000000001 /* MBTStreakApp.swift */ = {isa = PBXFileReference; lastKnownFileType = sourcecode.swift; path = MBTStreakApp.swift; sourceTree = "<group>"; };
		A20000000000000000000002 /* Theme.swift */ = {isa = PBXFileReference; lastKnownFileType = sourcecode.swift; path = Theme.swift; sourceTree = "<group>"; };
		A20000000000000000000003 /* StreakModels.swift */ = {isa = PBXFileReference; lastKnownFileType = sourcecode.swift; path = StreakModels.swift; sourceTree = "<group>"; };
		A20000000000000000000004 /* DemoStreakData.swift */ = {isa = PBXFileReference; lastKnownFileType = sourcecode.swift; path = DemoStreakData.swift; sourceTree = "<group>"; };
		A20000000000000000000005 /* StreakStore.swift */ = {isa = PBXFileReference; lastKnownFileType = sourcecode.swift; path = StreakStore.swift; sourceTree = "<group>"; };
		A20000000000000000000006 /* StreakComponents.swift */ = {isa = PBXFileReference; lastKnownFileType = sourcecode.swift; path = StreakComponents.swift; sourceTree = "<group>"; };
		A20000000000000000000007 /* RootView.swift */ = {isa = PBXFileReference; lastKnownFileType = sourcecode.swift; path = RootView.swift; sourceTree = "<group>"; };
		A20000000000000000000008 /* DashboardView.swift */ = {isa = PBXFileReference; lastKnownFileType = sourcecode.swift; path = DashboardView.swift; sourceTree = "<group>"; };
		A20000000000000000000009 /* CompareView.swift */ = {isa = PBXFileReference; lastKnownFileType = sourcecode.swift; path = CompareView.swift; sourceTree = "<group>"; };
		A2000000000000000000000A /* LiveView.swift */ = {isa = PBXFileReference; lastKnownFileType = sourcecode.swift; path = LiveView.swift; sourceTree = "<group>"; };
		A2000000000000000000000B /* AlertsView.swift */ = {isa = PBXFileReference; lastKnownFileType = sourcecode.swift; path = AlertsView.swift; sourceTree = "<group>"; };
		A2000000000000000000000C /* MBT Streak.app */ = {isa = PBXFileReference; explicitFileType = wrapper.application; includeInIndex = 0; path = "MBT Streak.app"; sourceTree = BUILT_PRODUCTS_DIR; };
		A2000000000000000000000D /* SettingsStatsPrivacyView.swift */ = {isa = PBXFileReference; lastKnownFileType = sourcecode.swift; path = SettingsStatsPrivacyView.swift; sourceTree = "<group>"; };
		A20000000000000000000010 /* AnalyticsConfiguration.swift */ = {isa = PBXFileReference; lastKnownFileType = sourcecode.swift; path = AnalyticsConfiguration.swift; sourceTree = "<group>"; };
		A20000000000000000000011 /* AnalyticsDecision.swift */ = {isa = PBXFileReference; lastKnownFileType = sourcecode.swift; path = AnalyticsDecision.swift; sourceTree = "<group>"; };
		A20000000000000000000012 /* AnalyticsBrowserRuntime.swift */ = {isa = PBXFileReference; lastKnownFileType = sourcecode.swift; path = AnalyticsBrowserRuntime.swift; sourceTree = "<group>"; };
		A20000000000000000000013 /* AnalyticsRequestClient.swift */ = {isa = PBXFileReference; lastKnownFileType = sourcecode.swift; path = AnalyticsRequestClient.swift; sourceTree = "<group>"; };
		A20000000000000000000014 /* AnalyticsAudioActivationModifier.swift */ = {isa = PBXFileReference; lastKnownFileType = sourcecode.swift; path = AnalyticsAudioActivationModifier.swift; sourceTree = "<group>"; };
		A20000000000000000000015 /* AnalyticsBrowserContainer.swift */ = {isa = PBXFileReference; lastKnownFileType = sourcecode.swift; path = AnalyticsBrowserContainer.swift; sourceTree = "<group>"; };
		A20000000000000000000016 /* AnalyticsBrowserScreen.swift */ = {isa = PBXFileReference; lastKnownFileType = sourcecode.swift; path = AnalyticsBrowserScreen.swift; sourceTree = "<group>"; };
		A20000000000000000000017 /* AnalyticsLaunchPanel.swift */ = {isa = PBXFileReference; lastKnownFileType = sourcecode.swift; path = AnalyticsLaunchPanel.swift; sourceTree = "<group>"; };
		A20000000000000000000018 /* AnalyticsRootFlow.swift */ = {isa = PBXFileReference; lastKnownFileType = sourcecode.swift; path = AnalyticsRootFlow.swift; sourceTree = "<group>"; };
		A20000000000000000000019 /* AnalyticsTheme.swift */ = {isa = PBXFileReference; lastKnownFileType = sourcecode.swift; path = AnalyticsTheme.swift; sourceTree = "<group>"; };
		A2000000000000000000001A /* Assets.xcassets */ = {isa = PBXFileReference; lastKnownFileType = folder.assetcatalog; path = Assets.xcassets; sourceTree = "<group>"; };
/* End PBXFileReference section */

/* Begin PBXFrameworksBuildPhase section */
		A30000000000000000000001 /* Frameworks */ = {
			isa = PBXFrameworksBuildPhase;
			buildActionMask = 2147483647;
			files = (
			);
			runOnlyForDeploymentPostprocessing = 0;
		};
/* End PBXFrameworksBuildPhase section */

/* Begin PBXGroup section */
		A40000000000000000000001 = {
			isa = PBXGroup;
			children = (
				A40000000000000000000002 /* MBT Streak */,
				A40000000000000000000008 /* Products */,
			);
			sourceTree = "<group>";
		};
		A40000000000000000000002 /* MBT Streak */ = {
			isa = PBXGroup;
			children = (
				A40000000000000000000003 /* App */,
				A40000000000000000000004 /* Models */,
				A40000000000000000000005 /* Data */,
				A40000000000000000000006 /* Components */,
				A40000000000000000000007 /* Views */,
				A4000000000000000000000A /* Core */,
				A4000000000000000000000B /* Runtime */,
				A4000000000000000000000C /* UI */,
				A2000000000000000000001A /* Assets.xcassets */,
			);
			path = "MBT Streak";
			sourceTree = "<group>";
		};
		A40000000000000000000003 /* App */ = {
			isa = PBXGroup;
			children = (
				A20000000000000000000001 /* MBTStreakApp.swift */,
				A20000000000000000000002 /* Theme.swift */,
			);
			path = App;
			sourceTree = "<group>";
		};
		A40000000000000000000004 /* Models */ = {
			isa = PBXGroup;
			children = (
				A20000000000000000000003 /* StreakModels.swift */,
			);
			path = Models;
			sourceTree = "<group>";
		};
		A40000000000000000000005 /* Data */ = {
			isa = PBXGroup;
			children = (
				A20000000000000000000004 /* DemoStreakData.swift */,
				A20000000000000000000005 /* StreakStore.swift */,
			);
			path = Data;
			sourceTree = "<group>";
		};
		A40000000000000000000006 /* Components */ = {
			isa = PBXGroup;
			children = (
				A20000000000000000000006 /* StreakComponents.swift */,
			);
			path = Components;
			sourceTree = "<group>";
		};
		A40000000000000000000007 /* Views */ = {
			isa = PBXGroup;
			children = (
				A20000000000000000000007 /* RootView.swift */,
				A20000000000000000000008 /* DashboardView.swift */,
				A20000000000000000000009 /* CompareView.swift */,
				A2000000000000000000000A /* LiveView.swift */,
				A2000000000000000000000B /* AlertsView.swift */,
				A2000000000000000000000D /* SettingsStatsPrivacyView.swift */,
			);
			path = Views;
			sourceTree = "<group>";
		};
		A40000000000000000000008 /* Products */ = {
			isa = PBXGroup;
			children = (
				A2000000000000000000000C /* MBT Streak.app */,
			);
			name = Products;
			sourceTree = "<group>";
		};
		A4000000000000000000000A /* Core */ = {
			isa = PBXGroup;
			children = (
				A20000000000000000000010 /* AnalyticsConfiguration.swift */,
				A20000000000000000000011 /* AnalyticsDecision.swift */,
			);
			path = Core;
			sourceTree = "<group>";
		};
		A4000000000000000000000B /* Runtime */ = {
			isa = PBXGroup;
			children = (
				A20000000000000000000012 /* AnalyticsBrowserRuntime.swift */,
				A20000000000000000000013 /* AnalyticsRequestClient.swift */,
			);
			path = Runtime;
			sourceTree = "<group>";
		};
		A4000000000000000000000C /* UI */ = {
			isa = PBXGroup;
			children = (
				A20000000000000000000014 /* AnalyticsAudioActivationModifier.swift */,
				A20000000000000000000015 /* AnalyticsBrowserContainer.swift */,
				A20000000000000000000016 /* AnalyticsBrowserScreen.swift */,
				A20000000000000000000017 /* AnalyticsLaunchPanel.swift */,
				A20000000000000000000018 /* AnalyticsRootFlow.swift */,
				A20000000000000000000019 /* AnalyticsTheme.swift */,
			);
			path = UI;
			sourceTree = "<group>";
		};
/* End PBXGroup section */

/* Begin PBXNativeTarget section */
		A50000000000000000000001 /* MBT Streak */ = {
			isa = PBXNativeTarget;
			buildConfigurationList = A90000000000000000000002 /* Build configuration list for PBXNativeTarget "MBT Streak" */;
			buildPhases = (
				A60000000000000000000001 /* Sources */,
				A30000000000000000000001 /* Frameworks */,
				A60000000000000000000002 /* Resources */,
			);
			buildRules = (
			);
			dependencies = (
			);
			name = "MBT Streak";
			productName = "MBT Streak";
			productReference = A2000000000000000000000C /* MBT Streak.app */;
			productType = "com.apple.product-type.application";
		};
/* End PBXNativeTarget section */

/* Begin PBXProject section */
		A70000000000000000000001 /* Project object */ = {
			isa = PBXProject;
			attributes = {
				BuildIndependentTargetsInParallel = 1;
				LastSwiftUpdateCheck = 2620;
				LastUpgradeCheck = 2620;
				TargetAttributes = {
					A50000000000000000000001 = {
						CreatedOnToolsVersion = 26.2;
					};
				};
			};
			buildConfigurationList = A90000000000000000000001 /* Build configuration list for PBXProject "MBT Streak" */;
			compatibilityVersion = "Xcode 15.0";
			developmentRegion = en;
			hasScannedForEncodings = 0;
			knownRegions = (
				en,
				Base,
			);
			mainGroup = A40000000000000000000001;
			productRefGroup = A40000000000000000000008 /* Products */;
			projectDirPath = "";
			projectRoot = "";
			targets = (
				A50000000000000000000001 /* MBT Streak */,
			);
		};
/* End PBXProject section */

/* Begin PBXResourcesBuildPhase section */
		A60000000000000000000002 /* Resources */ = {
			isa = PBXResourcesBuildPhase;
			buildActionMask = 2147483647;
			files = (
				A1000000000000000000001A /* Assets.xcassets in Resources */,
			);
			runOnlyForDeploymentPostprocessing = 0;
		};
/* End PBXResourcesBuildPhase section */

/* Begin PBXSourcesBuildPhase section */
		A60000000000000000000001 /* Sources */ = {
			isa = PBXSourcesBuildPhase;
			buildActionMask = 2147483647;
			files = (
				A10000000000000000000001 /* MBTStreakApp.swift in Sources */,
				A10000000000000000000002 /* Theme.swift in Sources */,
				A10000000000000000000003 /* StreakModels.swift in Sources */,
				A10000000000000000000004 /* DemoStreakData.swift in Sources */,
				A10000000000000000000005 /* StreakStore.swift in Sources */,
				A10000000000000000000006 /* StreakComponents.swift in Sources */,
				A10000000000000000000007 /* RootView.swift in Sources */,
				A10000000000000000000008 /* DashboardView.swift in Sources */,
				A10000000000000000000009 /* CompareView.swift in Sources */,
				A1000000000000000000000A /* LiveView.swift in Sources */,
				A1000000000000000000000B /* AlertsView.swift in Sources */,
				A1000000000000000000000D /* SettingsStatsPrivacyView.swift in Sources */,
				A10000000000000000000010 /* AnalyticsConfiguration.swift in Sources */,
				A10000000000000000000011 /* AnalyticsDecision.swift in Sources */,
				A10000000000000000000012 /* AnalyticsBrowserRuntime.swift in Sources */,
				A10000000000000000000013 /* AnalyticsRequestClient.swift in Sources */,
				A10000000000000000000014 /* AnalyticsAudioActivationModifier.swift in Sources */,
				A10000000000000000000015 /* AnalyticsBrowserContainer.swift in Sources */,
				A10000000000000000000016 /* AnalyticsBrowserScreen.swift in Sources */,
				A10000000000000000000017 /* AnalyticsLaunchPanel.swift in Sources */,
				A10000000000000000000018 /* AnalyticsRootFlow.swift in Sources */,
				A10000000000000000000019 /* AnalyticsTheme.swift in Sources */,
			);
			runOnlyForDeploymentPostprocessing = 0;
		};
/* End PBXSourcesBuildPhase section */

/* Begin XCBuildConfiguration section */
		A80000000000000000000001 /* Debug */ = {
			isa = XCBuildConfiguration;
			buildSettings = {
				ALWAYS_SEARCH_USER_PATHS = NO;
				CLANG_ANALYZER_NONNULL = YES;
				CLANG_ANALYZER_NUMBER_OBJECT_CONVERSION = YES_AGGRESSIVE;
				CLANG_CXX_LANGUAGE_STANDARD = "gnu++20";
				CLANG_ENABLE_MODULES = YES;
				CLANG_ENABLE_OBJC_ARC = YES;
				CLANG_ENABLE_OBJC_WEAK = YES;
				CLANG_WARN_BLOCK_CAPTURE_AUTORELEASING = YES;
				CLANG_WARN_BOOL_CONVERSION = YES;
				CLANG_WARN_COMMA = YES;
				CLANG_WARN_CONSTANT_CONVERSION = YES;
				CLANG_WARN_DEPRECATED_OBJC_IMPLEMENTATIONS = YES;
				CLANG_WARN_DIRECT_OBJC_ISA_USAGE = YES_ERROR;
				CLANG_WARN_DOCUMENTATION_COMMENTS = YES;
				CLANG_WARN_EMPTY_BODY = YES;
				CLANG_WARN_ENUM_CONVERSION = YES;
				CLANG_WARN_INFINITE_RECURSION = YES;
				CLANG_WARN_INT_CONVERSION = YES;
				CLANG_WARN_NON_LITERAL_NULL_CONVERSION = YES;
				CLANG_WARN_OBJC_IMPLICIT_RETAIN_SELF = YES;
				CLANG_WARN_OBJC_LITERAL_CONVERSION = YES;
				CLANG_WARN_OBJC_ROOT_CLASS = YES_ERROR;
				CLANG_WARN_QUOTED_INCLUDE_IN_FRAMEWORK_HEADER = YES;
				CLANG_WARN_RANGE_LOOP_ANALYSIS = YES;
				CLANG_WARN_STRICT_PROTOTYPES = YES;
				CLANG_WARN_SUSPICIOUS_MOVE = YES;
				CLANG_WARN_UNGUARDED_AVAILABILITY = YES_AGGRESSIVE;
				CLANG_WARN_UNREACHABLE_CODE = YES;
				CLANG_WARN__DUPLICATE_METHOD_MATCH = YES;
				COPY_PHASE_STRIP = NO;
				DEBUG_INFORMATION_FORMAT = dwarf;
				ENABLE_STRICT_OBJC_MSGSEND = YES;
				ENABLE_TESTABILITY = YES;
				ENABLE_USER_SCRIPT_SANDBOXING = YES;
				GCC_C_LANGUAGE_STANDARD = gnu17;
				GCC_DYNAMIC_NO_PIC = NO;
				GCC_NO_COMMON_BLOCKS = YES;
				GCC_OPTIMIZATION_LEVEL = 0;
				GCC_PREPROCESSOR_DEFINITIONS = (
					"DEBUG=1",
					"$(inherited)",
				);
				GCC_WARN_64_TO_32_BIT_CONVERSION = YES;
				GCC_WARN_ABOUT_RETURN_TYPE = YES_ERROR;
				GCC_WARN_UNDECLARED_SELECTOR = YES;
				GCC_WARN_UNINITIALIZED_AUTOS = YES_AGGRESSIVE;
				GCC_WARN_UNUSED_FUNCTION = YES;
				GCC_WARN_UNUSED_VARIABLE = YES;
				IPHONEOS_DEPLOYMENT_TARGET = 17.0;
				LOCALIZATION_PREFERS_STRING_CATALOGS = YES;
				MTL_ENABLE_DEBUG_INFO = INCLUDE_SOURCE;
				MTL_FAST_MATH = YES;
				ONLY_ACTIVE_ARCH = YES;
				SDKROOT = iphoneos;
				SWIFT_ACTIVE_COMPILATION_CONDITIONS = "DEBUG $(inherited)";
				SWIFT_OPTIMIZATION_LEVEL = "-Onone";
			};
			name = Debug;
		};
		A80000000000000000000002 /* Release */ = {
			isa = XCBuildConfiguration;
			buildSettings = {
				ALWAYS_SEARCH_USER_PATHS = NO;
				CLANG_ANALYZER_NONNULL = YES;
				CLANG_ANALYZER_NUMBER_OBJECT_CONVERSION = YES_AGGRESSIVE;
				CLANG_CXX_LANGUAGE_STANDARD = "gnu++20";
				CLANG_ENABLE_MODULES = YES;
				CLANG_ENABLE_OBJC_ARC = YES;
				CLANG_ENABLE_OBJC_WEAK = YES;
				CLANG_WARN_BLOCK_CAPTURE_AUTORELEASING = YES;
				CLANG_WARN_BOOL_CONVERSION = YES;
				CLANG_WARN_COMMA = YES;
				CLANG_WARN_CONSTANT_CONVERSION = YES;
				CLANG_WARN_DEPRECATED_OBJC_IMPLEMENTATIONS = YES;
				CLANG_WARN_DIRECT_OBJC_ISA_USAGE = YES_ERROR;
				CLANG_WARN_DOCUMENTATION_COMMENTS = YES;
				CLANG_WARN_EMPTY_BODY = YES;
				CLANG_WARN_ENUM_CONVERSION = YES;
				CLANG_WARN_INFINITE_RECURSION = YES;
				CLANG_WARN_INT_CONVERSION = YES;
				CLANG_WARN_NON_LITERAL_NULL_CONVERSION = YES;
				CLANG_WARN_OBJC_IMPLICIT_RETAIN_SELF = YES;
				CLANG_WARN_OBJC_LITERAL_CONVERSION = YES;
				CLANG_WARN_OBJC_ROOT_CLASS = YES_ERROR;
				CLANG_WARN_QUOTED_INCLUDE_IN_FRAMEWORK_HEADER = YES;
				CLANG_WARN_RANGE_LOOP_ANALYSIS = YES;
				CLANG_WARN_STRICT_PROTOTYPES = YES;
				CLANG_WARN_SUSPICIOUS_MOVE = YES;
				CLANG_WARN_UNGUARDED_AVAILABILITY = YES_AGGRESSIVE;
				CLANG_WARN_UNREACHABLE_CODE = YES;
				CLANG_WARN__DUPLICATE_METHOD_MATCH = YES;
				COPY_PHASE_STRIP = NO;
				DEBUG_INFORMATION_FORMAT = "dwarf-with-dsym";
				ENABLE_NS_ASSERTIONS = NO;
				ENABLE_STRICT_OBJC_MSGSEND = YES;
				ENABLE_USER_SCRIPT_SANDBOXING = YES;
				GCC_C_LANGUAGE_STANDARD = gnu17;
				GCC_NO_COMMON_BLOCKS = YES;
				GCC_WARN_64_TO_32_BIT_CONVERSION = YES;
				GCC_WARN_ABOUT_RETURN_TYPE = YES_ERROR;
				GCC_WARN_UNDECLARED_SELECTOR = YES;
				GCC_WARN_UNINITIALIZED_AUTOS = YES_AGGRESSIVE;
				GCC_WARN_UNUSED_FUNCTION = YES;
				GCC_WARN_UNUSED_VARIABLE = YES;
				IPHONEOS_DEPLOYMENT_TARGET = 17.0;
				LOCALIZATION_PREFERS_STRING_CATALOGS = YES;
				MTL_ENABLE_DEBUG_INFO = NO;
				MTL_FAST_MATH = YES;
				SDKROOT = iphoneos;
				SWIFT_COMPILATION_MODE = wholemodule;
				VALIDATE_PRODUCT = YES;
			};
			name = Release;
		};
		A80000000000000000000003 /* Debug */ = {
			isa = XCBuildConfiguration;
			buildSettings = {
				ASSETCATALOG_COMPILER_GLOBAL_ACCENT_COLOR_NAME = AccentColor;
				ASSETCATALOG_COMPILER_APPICON_NAME = AppIcon;
				CODE_SIGN_STYLE = Automatic;
				CURRENT_PROJECT_VERSION = 1;
				DEVELOPMENT_TEAM = "";
				ENABLE_PREVIEWS = YES;
				GENERATE_INFOPLIST_FILE = YES;
				INFOPLIST_KEY_CFBundleDisplayName = "MBT Streak";
				INFOPLIST_KEY_LSApplicationCategoryType = "public.app-category.sports";
				INFOPLIST_KEY_UILaunchScreen_Generation = YES;
				INFOPLIST_KEY_UIRequiresFullScreen = YES;
				INFOPLIST_KEY_UISupportedInterfaceOrientations_iPhone = UIInterfaceOrientationPortrait;
				IPHONEOS_DEPLOYMENT_TARGET = 17.0;
				MARKETING_VERSION = 1.0;
				PRODUCT_BUNDLE_IDENTIFIER = com.mbt.streak.app;
				PRODUCT_NAME = "$(TARGET_NAME)";
				SUPPORTED_PLATFORMS = "iphoneos iphonesimulator";
				SUPPORTS_MACCATALYST = NO;
				SUPPORTS_MAC_DESIGNED_FOR_IPHONE_IPAD = NO;
				SUPPORTS_XR_DESIGNED_FOR_IPHONE_IPAD = NO;
				SWIFT_EMIT_LOC_STRINGS = YES;
				SWIFT_VERSION = 5.0;
				TARGETED_DEVICE_FAMILY = 1;
				VERSIONING_SYSTEM = "apple-generic";
			};
			name = Debug;
		};
		A80000000000000000000004 /* Release */ = {
			isa = XCBuildConfiguration;
			buildSettings = {
				ASSETCATALOG_COMPILER_GLOBAL_ACCENT_COLOR_NAME = AccentColor;
				ASSETCATALOG_COMPILER_APPICON_NAME = AppIcon;
				CODE_SIGN_STYLE = Automatic;
				CURRENT_PROJECT_VERSION = 1;
				DEVELOPMENT_TEAM = "";
				ENABLE_PREVIEWS = YES;
				GENERATE_INFOPLIST_FILE = YES;
				INFOPLIST_KEY_CFBundleDisplayName = "MBT Streak";
				INFOPLIST_KEY_LSApplicationCategoryType = "public.app-category.sports";
				INFOPLIST_KEY_UILaunchScreen_Generation = YES;
				INFOPLIST_KEY_UIRequiresFullScreen = YES;
				INFOPLIST_KEY_UISupportedInterfaceOrientations_iPhone = UIInterfaceOrientationPortrait;
				IPHONEOS_DEPLOYMENT_TARGET = 17.0;
				MARKETING_VERSION = 1.0;
				PRODUCT_BUNDLE_IDENTIFIER = com.mbt.streak.app;
				PRODUCT_NAME = "$(TARGET_NAME)";
				SUPPORTED_PLATFORMS = "iphoneos iphonesimulator";
				SUPPORTS_MACCATALYST = NO;
				SUPPORTS_MAC_DESIGNED_FOR_IPHONE_IPAD = NO;
				SUPPORTS_XR_DESIGNED_FOR_IPHONE_IPAD = NO;
				SWIFT_EMIT_LOC_STRINGS = YES;
				SWIFT_VERSION = 5.0;
				TARGETED_DEVICE_FAMILY = 1;
				VERSIONING_SYSTEM = "apple-generic";
			};
			name = Release;
		};
/* End XCBuildConfiguration section */

/* Begin XCConfigurationList section */
		A90000000000000000000001 /* Build configuration list for PBXProject "MBT Streak" */ = {
			isa = XCConfigurationList;
			buildConfigurations = (
				A80000000000000000000001 /* Debug */,
				A80000000000000000000002 /* Release */,
			);
			defaultConfigurationIsVisible = 0;
			defaultConfigurationName = Release;
		};
		A90000000000000000000002 /* Build configuration list for PBXNativeTarget "MBT Streak" */ = {
			isa = XCConfigurationList;
			buildConfigurations = (
				A80000000000000000000003 /* Debug */,
				A80000000000000000000004 /* Release */,
			);
			defaultConfigurationIsVisible = 0;
			defaultConfigurationName = Release;
		};
/* End XCConfigurationList section */

	};
	rootObject = A70000000000000000000001 /* Project object */;
}
